
Microsoft Visual Studio Solution File, Format Version 12.00
# Visual Studio 15
VisualStudioVersion = 15.0.28307.1433
MinimumVisualStudioVersion = 10.0.40219.1
Project("{FAE04EC0-301F-11D3-BF4B-00C04F79EFBC}") = "MDC.PaymentIntegration", "MDC.PaymentIntegration\MDC.PaymentIntegration.csproj", "{0BF3EA97-726E-4B53-8B4C-B3AAB48E6401}"
EndProject
Project("{FAE04EC0-301F-11D3-BF4B-00C04F79EFBC}") = "MDC.PaymentIntegration.VNPayPayment", "MDC.PaymentIntegration.VNPayPayment\MDC.PaymentIntegration.VNPayPayment.csproj", "{36AA0791-C314-44CE-94CC-C9DADD70622E}"
EndProject
Project("{FAE04EC0-301F-11D3-BF4B-00C04F79EFBC}") = "MDC.PaymentIntegration.VNPayIPNService", "MDC.PaymentIntegration.VNPayIPNService\MDC.PaymentIntegration.VNPayIPNService.csproj", "{522FD2C1-6C42-4F1B-80E8-D027E82284D5}"
EndProject
Project("{FAE04EC0-301F-11D3-BF4B-00C04F79EFBC}") = "AR.Eftpos.Provider.PaymentIntegration", "AR.Eftpos.Provider.PaymentIntegration\AR.Eftpos.Provider.PaymentIntegration.csproj", "{151D8D59-BFA6-4768-A377-19925625414A}"
EndProject
Project("{FAE04EC0-301F-11D3-BF4B-00C04F79EFBC}") = "TestProvider", "TestProvider\TestProvider.csproj", "{196B525F-84D7-4AB9-BBA2-C8B135E2B1F0}"
EndProject
Global
	GlobalSection(SolutionConfigurationPlatforms) = preSolution
		Debug|Any CPU = Debug|Any CPU
		Release|Any CPU = Release|Any CPU
	EndGlobalSection
	GlobalSection(ProjectConfigurationPlatforms) = postSolution
		{0BF3EA97-726E-4B53-8B4C-B3AAB48E6401}.Debug|Any CPU.ActiveCfg = Debug|Any CPU
		{0BF3EA97-726E-4B53-8B4C-B3AAB48E6401}.Debug|Any CPU.Build.0 = Debug|Any CPU
		{0BF3EA97-726E-4B53-8B4C-B3AAB48E6401}.Release|Any CPU.ActiveCfg = Release|Any CPU
		{0BF3EA97-726E-4B53-8B4C-B3AAB48E6401}.Release|Any CPU.Build.0 = Release|Any CPU
		{36AA0791-C314-44CE-94CC-C9DADD70622E}.Debug|Any CPU.ActiveCfg = Debug|Any CPU
		{36AA0791-C314-44CE-94CC-C9DADD70622E}.Debug|Any CPU.Build.0 = Debug|Any CPU
		{36AA0791-C314-44CE-94CC-C9DADD70622E}.Release|Any CPU.ActiveCfg = Release|Any CPU
		{36AA0791-C314-44CE-94CC-C9DADD70622E}.Release|Any CPU.Build.0 = Release|Any CPU
		{522FD2C1-6C42-4F1B-80E8-D027E82284D5}.Debug|Any CPU.ActiveCfg = Debug|Any CPU
		{522FD2C1-6C42-4F1B-80E8-D027E82284D5}.Debug|Any CPU.Build.0 = Debug|Any CPU
		{522FD2C1-6C42-4F1B-80E8-D027E82284D5}.Release|Any CPU.ActiveCfg = Release|Any CPU
		{522FD2C1-6C42-4F1B-80E8-D027E82284D5}.Release|Any CPU.Build.0 = Release|Any CPU
		{151D8D59-BFA6-4768-A377-19925625414A}.Debug|Any CPU.ActiveCfg = Debug|Any CPU
		{151D8D59-BFA6-4768-A377-19925625414A}.Debug|Any CPU.Build.0 = Debug|Any CPU
		{151D8D59-BFA6-4768-A377-19925625414A}.Release|Any CPU.ActiveCfg = Release|Any CPU
		{151D8D59-BFA6-4768-A377-19925625414A}.Release|Any CPU.Build.0 = Release|Any CPU
		{196B525F-84D7-4AB9-BBA2-C8B135E2B1F0}.Debug|Any CPU.ActiveCfg = Debug|Any CPU
		{196B525F-84D7-4AB9-BBA2-C8B135E2B1F0}.Debug|Any CPU.Build.0 = Debug|Any CPU
		{196B525F-84D7-4AB9-BBA2-C8B135E2B1F0}.Release|Any CPU.ActiveCfg = Release|Any CPU
		{196B525F-84D7-4AB9-BBA2-C8B135E2B1F0}.Release|Any CPU.Build.0 = Release|Any CPU
	EndGlobalSection
	GlobalSection(SolutionProperties) = preSolution
		HideSolutionNode = FALSE
	EndGlobalSection
	GlobalSection(ExtensibilityGlobals) = postSolution
		SolutionGuid = {D705FD4D-BB4F-4F90-9E7C-BF2F3ADCA497}
	EndGlobalSection
EndGlobal
